// !$*UTF8*$!
{
	archiveVersion = 1;
	classes = {
	};
	objectVersion = 50;
	objects = {

/* Begin PBXBuildFile section */
		3FAD44E32213B49900CF52C5 /* AppDelegate.m in Sources */ = {isa = PBXBuildFile; fileRef = 3FAD44E22213B49900CF52C5 /* AppDelegate.m */; };
		3FAD44E92213B49900CF52C5 /* Main.storyboard in Resources */ = {isa = PBXBuildFile; fileRef = 3FAD44E72213B49900CF52C5 /* Main.storyboard */; };
		3FAD44EB2213B49A00CF52C5 /* Assets.xcassets in Resources */ = {isa = PBXBuildFile; fileRef = 3FAD44EA2213B49A00CF52C5 /* Assets.xcassets */; };
		3FAD44EE2213B49A00CF52C5 /* LaunchScreen.storyboard in Resources */ = {isa = PBXBuildFile; fileRef = 3FAD44EC2213B49A00CF52C5 /* LaunchScreen.storyboard */; };
		3FAD44F12213B49A00CF52C5 /* main.m in Sources */ = {isa = PBXBuildFile; fileRef = 3FAD44F02213B49A00CF52C5 /* main.m */; };
		3FAD44FB2213B51800CF52C5 /* DVMPost.m in Sources */ = {isa = PBXBuildFile; fileRef = 3FAD44FA2213B51800CF52C5 /* DVMPost.m */; };
		3FAD44FF2213BA2500CF52C5 /* DVMPostController.m in Sources */ = {isa = PBXBuildFile; fileRef = 3FAD44FE2213BA2500CF52C5 /* DVMPostController.m */; };
		3FAD45062213C2FA00CF52C5 /* SearchPostsTableViewController.swift in Sources */ = {isa = PBXBuildFile; fileRef = 3FAD45052213C2FA00CF52C5 /* SearchPostsTableViewController.swift */; };
		3FAD45092213C4F100CF52C5 /* PostTableViewCell.swift in Sources */ = {isa = PBXBuildFile; fileRef = 3FAD45082213C4F100CF52C5 /* PostTableViewCell.swift */; };
/* End PBXBuildFile section */

/* Begin PBXFileReference section */
		3FAD44DE2213B49900CF52C5 /* RedditObjC.app */ = {isa = PBXFileReference; explicitFileType = wrapper.application; includeInIndex = 0; path = RedditObjC.app; sourceTree = BUILT_PRODUCTS_DIR; };
		3FAD44E12213B49900CF52C5 /* AppDelegate.h */ = {isa = PBXFileReference; lastKnownFileType = sourcecode.c.h; path = AppDelegate.h; sourceTree = "<group>"; };
		3FAD44E22213B49900CF52C5 /* AppDelegate.m */ = {isa = PBXFileReference; lastKnownFileType = sourcecode.c.objc; path = AppDelegate.m; sourceTree = "<group>"; };
		3FAD44E82213B49900CF52C5 /* Base */ = {isa = PBXFileReference; lastKnownFileType = file.storyboard; name = Base; path = Base.lproj/Main.storyboard; sourceTree = "<group>"; };
		3FAD44EA2213B49A00CF52C5 /* Assets.xcassets */ = {isa = PBXFileReference; lastKnownFileType = folder.assetcatalog; path = Assets.xcassets; sourceTree = "<group>"; };
		3FAD44ED2213B49A00CF52C5 /* Base */ = {isa = PBXFileReference; lastKnownFileType = file.storyboard; name = Base; path = Base.lproj/LaunchScreen.storyboard; sourceTree = "<group>"; };
		3FAD44EF2213B49A00CF52C5 /* Info.plist */ = {isa = PBXFileReference; lastKnownFileType = text.plist.xml; path = Info.plist; sourceTree = "<group>"; };
		3FAD44F02213B49A00CF52C5 /* main.m */ = {isa = PBXFileReference; lastKnownFileType = sourcecode.c.objc; path = main.m; sourceTree = "<group>"; };
		3FAD44F92213B51800CF52C5 /* DVMPost.h */ = {isa = PBXFileReference; lastKnownFileType = sourcecode.c.h; path = DVMPost.h; sourceTree = "<group>"; };
		3FAD44FA2213B51800CF52C5 /* DVMPost.m */ = {isa = PBXFileReference; lastKnownFileType = sourcecode.c.objc; path = DVMPost.m; sourceTree = "<group>"; };
		3FAD44FD2213BA2500CF52C5 /* DVMPostController.h */ = {isa = PBXFileReference; lastKnownFileType = sourcecode.c.h; path = DVMPostController.h; sourceTree = "<group>"; };
		3FAD44FE2213BA2500CF52C5 /* DVMPostController.m */ = {isa = PBXFileReference; lastKnownFileType = sourcecode.c.objc; path = DVMPostController.m; sourceTree = "<group>"; };
		3FAD45052213C2FA00CF52C5 /* SearchPostsTableViewController.swift */ = {isa = PBXFileReference; lastKnownFileType = sourcecode.swift; path = SearchPostsTableViewController.swift; sourceTree = "<group>"; };
		3FAD45072213C3A200CF52C5 /* RedditObjC-Bridging-Header.h */ = {isa = PBXFileReference; lastKnownFileType = sourcecode.c.h; path = "RedditObjC-Bridging-Header.h"; sourceTree = "<group>"; };
		3FAD45082213C4F100CF52C5 /* PostTableViewCell.swift */ = {isa = PBXFileReference; lastKnownFileType = sourcecode.swift; path = PostTableViewCell.swift; sourceTree = "<group>"; };
/* End PBXFileReference section */

/* Begin PBXFrameworksBuildPhase section */
		3FAD44DB2213B49900CF52C5 /* Frameworks */ = {
			isa = PBXFrameworksBuildPhase;
			buildActionMask = 2147483647;
			files = (
			);
			runOnlyForDeploymentPostprocessing = 0;
		};
/* End PBXFrameworksBuildPhase section */

/* Begin PBXGroup section */
		3FAD44D52213B49900CF52C5 = {
			isa = PBXGroup;
			children = (
				3FAD44E02213B49900CF52C5 /* RedditObjC */,
				3FAD44DF2213B49900CF52C5 /* Products */,
			);
			sourceTree = "<group>";
		};
		3FAD44DF2213B49900CF52C5 /* Products */ = {
			isa = PBXGroup;
			children = (
				3FAD44DE2213B49900CF52C5 /* RedditObjC.app */,
			);
			name = Products;
			sourceTree = "<group>";
		};
		3FAD44E02213B49900CF52C5 /* RedditObjC */ = {
			isa = PBXGroup;
			children = (
				3FAD44FC2213B51D00CF52C5 /* Models */,
				3FAD44F72213B4AA00CF52C5 /* Storyboards */,
				3FAD44F82213B4BA00CF52C5 /* Resources */,
				3FAD45002213BA2B00CF52C5 /* Model Controllers */,
				3FAD45042213C1C100CF52C5 /* View Controllers */,
				3FAD45072213C3A200CF52C5 /* RedditObjC-Bridging-Header.h */,
			);
			path = RedditObjC;
			sourceTree = "<group>";
		};
		3FAD44F72213B4AA00CF52C5 /* Storyboards */ = {
			isa = PBXGroup;
			children = (
				3FAD44E72213B49900CF52C5 /* Main.storyboard */,
				3FAD45082213C4F100CF52C5 /* PostTableViewCell.swift */,
			);
			path = Storyboards;
			sourceTree = "<group>";
		};
		3FAD44F82213B4BA00CF52C5 /* Resources */ = {
			isa = PBXGroup;
			children = (
				3FAD44E12213B49900CF52C5 /* AppDelegate.h */,
				3FAD44E22213B49900CF52C5 /* AppDelegate.m */,
				3FAD44EA2213B49A00CF52C5 /* Assets.xcassets */,
				3FAD44EC2213B49A00CF52C5 /* LaunchScreen.storyboard */,
				3FAD44EF2213B49A00CF52C5 /* Info.plist */,
				3FAD44F02213B49A00CF52C5 /* main.m */,
			);
			path = Resources;
			sourceTree = "<group>";
		};
		3FAD44FC2213B51D00CF52C5 /* Models */ = {
			isa = PBXGroup;
			children = (
				3FAD44F92213B51800CF52C5 /* DVMPost.h */,
				3FAD44FA2213B51800CF52C5 /* DVMPost.m */,
			);
			path = Models;
			sourceTree = "<group>";
		};
		3FAD45002213BA2B00CF52C5 /* Model Controllers */ = {
			isa = PBXGroup;
			children = (
				3FAD44FD2213BA2500CF52C5 /* DVMPostController.h */,
				3FAD44FE2213BA2500CF52C5 /* DVMPostController.m */,
			);
			path = "Model Controllers";
			sourceTree = "<group>";
		};
		3FAD45042213C1C100CF52C5 /* View Controllers */ = {
			isa = PBXGroup;
			children = (
				3FAD45052213C2FA00CF52C5 /* SearchPostsTableViewController.swift */,
			);
			path = "View Controllers";
			sourceTree = "<group>";
		};
/* End PBXGroup section */

/* Begin PBXNativeTarget section */
		3FAD44DD2213B49900CF52C5 /* RedditObjC */ = {
			isa = PBXNativeTarget;
			buildConfigurationList = 3FAD44F42213B49A00CF52C5 /* Build configuration list for PBXNativeTarget "RedditObjC" */;
			buildPhases = (
				3FAD44DA2213B49900CF52C5 /* Sources */,
				3FAD44DB2213B49900CF52C5 /* Frameworks */,
				3FAD44DC2213B49900CF52C5 /* Resources */,
			);
			buildRules = (
			);
			dependencies = (
			);
			name = RedditObjC;
			productName = RedditObjC;
			productReference = 3FAD44DE2213B49900CF52C5 /* RedditObjC.app */;
			productType = "com.apple.product-type.application";
		};
/* End PBXNativeTarget section */

/* Begin PBXProject section */
		3FAD44D62213B49900CF52C5 /* Project object */ = {
			isa = PBXProject;
			attributes = {
				CLASSPREFIX = DVM;
				LastUpgradeCheck = 1010;
				ORGANIZATIONNAME = XMS_JZhan;
				TargetAttributes = {
					3FAD44DD2213B49900CF52C5 = {
						CreatedOnToolsVersion = 10.1;
						LastSwiftMigration = 1010;
					};
				};
			};
			buildConfigurationList = 3FAD44D92213B49900CF52C5 /* Build configuration list for PBXProject "RedditObjC" */;
			compatibilityVersion = "Xcode 9.3";
			developmentRegion = en;
			hasScannedForEncodings = 0;
			knownRegions = (
				en,
				Base,
			);
			mainGroup = 3FAD44D52213B49900CF52C5;
			productRefGroup = 3FAD44DF2213B49900CF52C5 /* Products */;
			projectDirPath = "";
			projectRoot = "";
			targets = (
				3FAD44DD2213B49900CF52C5 /* RedditObjC */,
			);
		};
/* End PBXProject section */

/* Begin PBXResourcesBuildPhase section */
		3FAD44DC2213B49900CF52C5 /* Resources */ = {
			isa = PBXResourcesBuildPhase;
			buildActionMask = 2147483647;
			files = (
				3FAD44EE2213B49A00CF52C5 /* LaunchScreen.storyboard in Resources */,
				3FAD44EB2213B49A00CF52C5 /* Assets.xcassets in Resources */,
				3FAD44E92213B49900CF52C5 /* Main.storyboard in Resources */,
			);
			runOnlyForDeploymentPostprocessing = 0;
		};
/* End PBXResourcesBuildPhase section */

/* Begin PBXSourcesBuildPhase section */
		3FAD44DA2213B49900CF52C5 /* Sources */ = {
			isa = PBXSourcesBuildPhase;
			buildActionMask = 2147483647;
			files = (
				3FAD44FB2213B51800CF52C5 /* DVMPost.m in Sources */,
				3FAD44F12213B49A00CF52C5 /* main.m in Sources */,
				3FAD44E32213B49900CF52C5 /* AppDelegate.m in Sources */,
				3FAD44FF2213BA2500CF52C5 /* DVMPostController.m in Sources */,
				3FAD45062213C2FA00CF52C5 /* SearchPostsTableViewController.swift in Sources */,
				3FAD45092213C4F100CF52C5 /* PostTableViewCell.swift in Sources */,
			);
			runOnlyForDeploymentPostprocessing = 0;
		};
/* End PBXSourcesBuildPhase section */

/* Begin PBXVariantGroup section */
		3FAD44E72213B49900CF52C5 /* Main.storyboard */ = {
			isa = PBXVariantGroup;
			children = (
				3FAD44E82213B49900CF52C5 /* Base */,
			);
			name = Main.storyboard;
			sourceTree = "<group>";
		};
		3FAD44EC2213B49A00CF52C5 /* LaunchScreen.storyboard */ = {
			isa = PBXVariantGroup;
			children = (
				3FAD44ED2213B49A00CF52C5 /* Base */,
			);
			name = LaunchScreen.storyboard;
			sourceTree = "<group>";
		};
/* End PBXVariantGroup section */

/* Begin XCBuildConfiguration section */
		3FAD44F22213B49A00CF52C5 /* Debug */ = {
			isa = XCBuildConfiguration;
			buildSettings = {
				ALWAYS_SEARCH_USER_PATHS = NO;
				CLANG_ANALYZER_NONNULL = YES;
				CLANG_ANALYZER_NUMBER_OBJECT_CONVERSION = YES_AGGRESSIVE;
				CLANG_CXX_LANGUAGE_STANDARD = "gnu++14";
				CLANG_CXX_LIBRARY = "libc++";
				CLANG_ENABLE_MODULES = YES;
				CLANG_ENABLE_OBJC_ARC = YES;
				CLANG_ENABLE_OBJC_WEAK = YES;
				CLANG_WARN_BLOCK_CAPTURE_AUTORELEASING = YES;
				CLANG_WARN_BOOL_CONVERSION = YES;
				CLANG_WARN_COMMA = YES;
				CLANG_WARN_CONSTANT_CONVERSION = YES;
				CLANG_WARN_DEPRECATED_OBJC_IMPLEMENTATIONS = YES;
				CLANG_WARN_DIRECT_OBJC_ISA_USAGE = YES_ERROR;
				CLANG_WARN_DOCUMENTATION_COMMENTS = YES;
				CLANG_WARN_EMPTY_BODY = YES;
				CLANG_WARN_ENUM_CONVERSION = YES;
				CLANG_WARN_INFINITE_RECURSION = YES;
				CLANG_WARN_INT_CONVERSION = YES;
				CLANG_WARN_NON_LITERAL_NULL_CONVERSION = YES;
				CLANG_WARN_OBJC_IMPLICIT_RETAIN_SELF = YES;
				CLANG_WARN_OBJC_LITERAL_CONVERSION = YES;
				CLANG_WARN_OBJC_ROOT_CLASS = YES_ERROR;
				CLANG_WARN_RANGE_LOOP_ANALYSIS = YES;
				CLANG_WARN_STRICT_PROTOTYPES = YES;
				CLANG_WARN_SUSPICIOUS_MOVE = YES;
				CLANG_WARN_UNGUARDED_AVAILABILITY = YES_AGGRESSIVE;
				CLANG_WARN_UNREACHABLE_CODE = YES;
				CLANG_WARN__DUPLICATE_METHOD_MATCH = YES;
				CODE_SIGN_IDENTITY = "iPhone Developer";
				COPY_PHASE_STRIP = NO;
				DEBUG_INFORMATION_FORMAT = dwarf;
				ENABLE_STRICT_OBJC_MSGSEND = YES;
				ENABLE_TESTABILITY = YES;
				GCC_C_LANGUAGE_STANDARD = gnu11;
				GCC_DYNAMIC_NO_PIC = NO;
				GCC_NO_COMMON_BLOCKS = YES;
				GCC_OPTIMIZATION_LEVEL = 0;
				GCC_PREPROCESSOR_DEFINITIONS = (
					"DEBUG=1",
					"$(inherited)",
				);
				GCC_WARN_64_TO_32_BIT_CONVERSION = YES;
				GCC_WARN_ABOUT_RETURN_TYPE = YES_ERROR;
				GCC_WARN_UNDECLARED_SELECTOR = YES;
				GCC_WARN_UNINITIALIZED_AUTOS = YES_AGGRESSIVE;
				GCC_WARN_UNUSED_FUNCTION = YES;
				GCC_WARN_UNUSED_VARIABLE = YES;
				IPHONEOS_DEPLOYMENT_TARGET = 12.1;
				MTL_ENABLE_DEBUG_INFO = INCLUDE_SOURCE;
				MTL_FAST_MATH = YES;
				ONLY_ACTIVE_ARCH = YES;
				SDKROOT = iphoneos;
				SWIFT_OBJC_BRIDGING_HEADER = "RedditObjC-Bridging-Header.h";
			};
			name = Debug;
		};
		3FAD44F32213B49A00CF52C5 /* Release */ = {
			isa = XCBuildConfiguration;
			buildSettings = {
				ALWAYS_SEARCH_USER_PATHS = NO;
				CLANG_ANALYZER_NONNULL = YES;
				CLANG_ANALYZER_NUMBER_OBJECT_CONVERSION = YES_AGGRESSIVE;
				CLANG_CXX_LANGUAGE_STANDARD = "gnu++14";
				CLANG_CXX_LIBRARY = "libc++";
				CLANG_ENABLE_MODULES = YES;
				CLANG_ENABLE_OBJC_ARC = YES;
				CLANG_ENABLE_OBJC_WEAK = YES;
				CLANG_WARN_BLOCK_CAPTURE_AUTORELEASING = YES;
				CLANG_WARN_BOOL_CONVERSION = YES;
				CLANG_WARN_COMMA = YES;
				CLANG_WARN_CONSTANT_CONVERSION = YES;
				CLANG_WARN_DEPRECATED_OBJC_IMPLEMENTATIONS = YES;
				CLANG_WARN_DIRECT_OBJC_ISA_USAGE = YES_ERROR;
				CLANG_WARN_DOCUMENTATION_COMMENTS = YES;
				CLANG_WARN_EMPTY_BODY = YES;
				CLANG_WARN_ENUM_CONVERSION = YES;
				CLANG_WARN_INFINITE_RECURSION = YES;
				CLANG_WARN_INT_CONVERSION = YES;
				CLANG_WARN_NON_LITERAL_NULL_CONVERSION = YES;
				CLANG_WARN_OBJC_IMPLICIT_RETAIN_SELF = YES;
				CLANG_WARN_OBJC_LITERAL_CONVERSION = YES;
				CLANG_WARN_OBJC_ROOT_CLASS = YES_ERROR;
				CLANG_WARN_RANGE_LOOP_ANALYSIS = YES;
				CLANG_WARN_STRICT_PROTOTYPES = YES;
				CLANG_WARN_SUSPICIOUS_MOVE = YES;
				CLANG_WARN_UNGUARDED_AVAILABILITY = YES_AGGRESSIVE;
				CLANG_WARN_UNREACHABLE_CODE = YES;
				CLANG_WARN__DUPLICATE_METHOD_MATCH = YES;
				CODE_SIGN_IDENTITY = "iPhone Developer";
				COPY_PHASE_STRIP = NO;
				DEBUG_INFORMATION_FORMAT = "dwarf-with-dsym";
				ENABLE_NS_ASSERTIONS = NO;
				ENABLE_STRICT_OBJC_MSGSEND = YES;
				GCC_C_LANGUAGE_STANDARD = gnu11;
				GCC_NO_COMMON_BLOCKS = YES;
				GCC_WARN_64_TO_32_BIT_CONVERSION = YES;
				GCC_WARN_ABOUT_RETURN_TYPE = YES_ERROR;
				GCC_WARN_UNDECLARED_SELECTOR = YES;
				GCC_WARN_UNINITIALIZED_AUTOS = YES_AGGRESSIVE;
				GCC_WARN_UNUSED_FUNCTION = YES;
				GCC_WARN_UNUSED_VARIABLE = YES;
				IPHONEOS_DEPLOYMENT_TARGET = 12.1;
				MTL_ENABLE_DEBUG_INFO = NO;
				MTL_FAST_MATH = YES;
				SDKROOT = iphoneos;
				SWIFT_OBJC_BRIDGING_HEADER = "RedditObjC-Bridging-Header.h";
				VALIDATE_PRODUCT = YES;
			};
			name = Release;
		};
		3FAD44F52213B49A00CF52C5 /* Debug */ = {
			isa = XCBuildConfiguration;
			buildSettings = {
				ASSETCATALOG_COMPILER_APPICON_NAME = AppIcon;
				CLANG_ENABLE_MODULES = YES;
				CODE_SIGN_STYLE = Automatic;
				INFOPLIST_FILE = "$(SRCROOT)/RedditObjC/Resources/Info.plist";
				LD_RUNPATH_SEARCH_PATHS = (
					"$(inherited)",
					"@executable_path/Frameworks",
				);
				PRODUCT_BUNDLE_IDENTIFIER = zhan.RedditObjC;
				PRODUCT_NAME = "$(TARGET_NAME)";
				SWIFT_OBJC_BRIDGING_HEADER = "RedditObjC/RedditObjC-Bridging-Header.h";
				SWIFT_OPTIMIZATION_LEVEL = "-Onone";
				SWIFT_VERSION = 4.2;
				TARGETED_DEVICE_FAMILY = "1,2";
			};
			name = Debug;
		};
		3FAD44F62213B49A00CF52C5 /* Release */ = {
			isa = XCBuildConfiguration;
			buildSettings = {
				ASSETCATALOG_COMPILER_APPICON_NAME = AppIcon;
				CLANG_ENABLE_MODULES = YES;
				CODE_SIGN_STYLE = Automatic;
				INFOPLIST_FILE = "$(SRCROOT)/RedditObjC/Resources/Info.plist";
				LD_RUNPATH_SEARCH_PATHS = (
					"$(inherited)",
					"@executable_path/Frameworks",
				);
				PRODUCT_BUNDLE_IDENTIFIER = zhan.RedditObjC;
				PRODUCT_NAME = "$(TARGET_NAME)";
				SWIFT_OBJC_BRIDGING_HEADER = "RedditObjC/RedditObjC-Bridging-Header.h";
				SWIFT_VERSION = 4.2;
				TARGETED_DEVICE_FAMILY = "1,2";
			};
			name = Release;
		};
/* End XCBuildConfiguration section */

/* Begin XCConfigurationList section */
		3FAD44D92213B49900CF52C5 /* Build configuration list for PBXProject "RedditObjC" */ = {
			isa = XCConfigurationList;
			buildConfigurations = (
				3FAD44F22213B49A00CF52C5 /* Debug */,
				3FAD44F32213B49A00CF52C5 /* Release */,
			);
			defaultConfigurationIsVisible = 0;
			defaultConfigurationName = Release;
		};
		3FAD44F42213B49A00CF52C5 /* Build configuration list for PBXNativeTarget "RedditObjC" */ = {
			isa = XCConfigurationList;
			buildConfigurations = (
				3FAD44F52213B49A00CF52C5 /* Debug */,
				3FAD44F62213B49A00CF52C5 /* Release */,
			);
			defaultConfigurationIsVisible = 0;
			defaultConfigurationName = Release;
		};
/* End XCConfigurationList section */
	};
	rootObject = 3FAD44D62213B49900CF52C5 /* Project object */;
}
